{
  "nodes": {
    "nixpkgs": {
      "locked": {
        "lastModified": 1788752844,
        "narHash": "sha256-VaWGJ6+cIYN2erfSecbRV+4ljI185Ty2wUrXyvQbgOw=",
        "owner": "NixOS",
        "repo": "nixpkgs",
        "rev": "dc5d91f840324650bac8c379428c7037a416959a",
        "type": "github"
      },
      "original": {
        "owner": "NixOS",
        "ref": "nixos-unstable",
        "repo": "nixpkgs",
        "type": "github"
      }
    },
    "root": {
      "inputs": {
        "nixpkgs": "nixpkgs",
        "sops-nix": "sops-nix",
        "vpn-confinement": "vpn-confinement"
      }
    },
    "sops-nix": {
      "inputs": {
        "nixpkgs": [
          "nixpkgs"
        ]
      },
      "locked": {
        "lastModified": 1788337237,
        "narHash": "sha256-gkSH8VUtCo6hnysNmb9DbTuDepH2t5pv+QWjP75xKAk=",
        "owner": "Mic92",
        "repo": "sops-nix",
        "rev": "fbf759290e0cb0a98dfc813a4eb7d53ad1dacb57",
        "type": "github"
      },
      "original": {
        "owner": "Mic92",
        "repo": "sops-nix",
        "type": "github"
      }
    },
    "vpn-confinement": {
      "locked": {
        "lastModified": 1788035501,
        "narHash": "sha256-3Xs9lCMwjvFURU7/fPEGDR5kCKvcdX2l5Fah1nZoaGQ=",
        "owner": "Maroka-chan",
        "repo": "VPN-Confinement",
        "rev": "ce8949125b698406810ea71a8bd7b567d9a0b09f",
        "type": "github"
      },
      "original": {
        "owner": "Maroka-chan",
        "repo": "VPN-Confinement",
        "rev": "ce8949125b698406810ea71a8bd7b567d9a0b09f",
        "type": "github"
      }
    }
  },
  "root": "root",
  "version": 7
}
